Library Management System

Факултетен номер: 2301261059  
Име на проекта: Library Management System  

Кратко описание:Проектът представлява система за управление на библиотека с възможност за добавяне, търсене и изтриване на книги.

Инструкции за инсталация и стартиране
1. Проектът е създаден във Visual Studio.  
2. Изтеглете и отворете `.sln` файла в Visual Studio.  
3. Натиснете Run (F5) за стартиране на приложението.
